
Microsoft Visual Studio Solution File, Format Version 12.00
# Visual Studio 14
VisualStudioVersion = 14.0.25420.1
MinimumVisualStudioVersion = 10.0.40219.1
Project("{FAE04EC0-301F-11D3-BF4B-00C04F79EFBC}") = "AppUpdaterService", "AppUpdaterService\AppUpdaterService.csproj", "{9F188AD4-98E0-438B-BA47-E87B973A3FF8}"
EndProject
Project("{FAE04EC0-301F-11D3-BF4B-00C04F79EFBC}") = "AppUpdaterService.Tests", "AppUpdaterService.Tests\AppUpdaterService.Tests.csproj", "{017AA0D6-EDA3-4456-A082-4FC7CAA4A6F0}"
EndProject
Project("{FAE04EC0-301F-11D3-BF4B-00C04F79EFBC}") = "AppUpdaterClient", "AppUpdaterClient\AppUpdaterClient.csproj", "{8E1C005F-3405-4FA6-84DD-576C32268AFD}"
EndProject
Project("{FAE04EC0-301F-11D3-BF4B-00C04F79EFBC}") = "AppUpdaterClient.Test", "AppUpdaterClient.Test\AppUpdaterClient.Test.csproj", "{8D6BE6CA-05C0-44A0-9CCC-D0526034CA2F}"
EndProject
Project("{FAE04EC0-301F-11D3-BF4B-00C04F79EFBC}") = "AppLib", "AppLib\AppLib.csproj", "{B9CCE9DE-D46E-4A56-9941-83E55F20EA59}"
EndProject
Project("{FAE04EC0-301F-11D3-BF4B-00C04F79EFBC}") = "AppLib.Test", "AppLib.Test\AppLib.Test.csproj", "{38BF3217-32E7-4687-9953-460CAC2307F9}"
EndProject
Project("{FAE04EC0-301F-11D3-BF4B-00C04F79EFBC}") = "Bootloader", "Bootloader\Bootloader.csproj", "{11D9CCC6-18A5-4BE1-B7CA-99338485CA50}"
EndProject
Project("{FAE04EC0-301F-11D3-BF4B-00C04F79EFBC}") = "Bootloader.Test", "Bootloader.Test\Bootloader.Test.csproj", "{32492133-47A4-4474-AC43-26CBE8C2B8D3}"
EndProject
Global
	GlobalSection(SolutionConfigurationPlatforms) = preSolution
		Debug|Any CPU = Debug|Any CPU
		Release|Any CPU = Release|Any CPU
	EndGlobalSection
	GlobalSection(ProjectConfigurationPlatforms) = postSolution
		{9F188AD4-98E0-438B-BA47-E87B973A3FF8}.Debug|Any CPU.ActiveCfg = Debug|Any CPU
		{9F188AD4-98E0-438B-BA47-E87B973A3FF8}.Debug|Any CPU.Build.0 = Debug|Any CPU
		{9F188AD4-98E0-438B-BA47-E87B973A3FF8}.Release|Any CPU.ActiveCfg = Release|Any CPU
		{9F188AD4-98E0-438B-BA47-E87B973A3FF8}.Release|Any CPU.Build.0 = Release|Any CPU
		{017AA0D6-EDA3-4456-A082-4FC7CAA4A6F0}.Debug|Any CPU.ActiveCfg = Debug|Any CPU
		{017AA0D6-EDA3-4456-A082-4FC7CAA4A6F0}.Debug|Any CPU.Build.0 = Debug|Any CPU
		{017AA0D6-EDA3-4456-A082-4FC7CAA4A6F0}.Release|Any CPU.ActiveCfg = Release|Any CPU
		{017AA0D6-EDA3-4456-A082-4FC7CAA4A6F0}.Release|Any CPU.Build.0 = Release|Any CPU
		{8E1C005F-3405-4FA6-84DD-576C32268AFD}.Debug|Any CPU.ActiveCfg = Debug|Any CPU
		{8E1C005F-3405-4FA6-84DD-576C32268AFD}.Debug|Any CPU.Build.0 = Debug|Any CPU
		{8E1C005F-3405-4FA6-84DD-576C32268AFD}.Release|Any CPU.ActiveCfg = Release|Any CPU
		{8E1C005F-3405-4FA6-84DD-576C32268AFD}.Release|Any CPU.Build.0 = Release|Any CPU
		{8D6BE6CA-05C0-44A0-9CCC-D0526034CA2F}.Debug|Any CPU.ActiveCfg = Debug|Any CPU
		{8D6BE6CA-05C0-44A0-9CCC-D0526034CA2F}.Debug|Any CPU.Build.0 = Debug|Any CPU
		{8D6BE6CA-05C0-44A0-9CCC-D0526034CA2F}.Release|Any CPU.ActiveCfg = Release|Any CPU
		{8D6BE6CA-05C0-44A0-9CCC-D0526034CA2F}.Release|Any CPU.Build.0 = Release|Any CPU
		{B9CCE9DE-D46E-4A56-9941-83E55F20EA59}.Debug|Any CPU.ActiveCfg = Debug|Any CPU
		{B9CCE9DE-D46E-4A56-9941-83E55F20EA59}.Debug|Any CPU.Build.0 = Debug|Any CPU
		{B9CCE9DE-D46E-4A56-9941-83E55F20EA59}.Release|Any CPU.ActiveCfg = Release|Any CPU
		{B9CCE9DE-D46E-4A56-9941-83E55F20EA59}.Release|Any CPU.Build.0 = Release|Any CPU
		{38BF3217-32E7-4687-9953-460CAC2307F9}.Debug|Any CPU.ActiveCfg = Debug|Any CPU
		{38BF3217-32E7-4687-9953-460CAC2307F9}.Debug|Any CPU.Build.0 = Debug|Any CPU
		{38BF3217-32E7-4687-9953-460CAC2307F9}.Release|Any CPU.ActiveCfg = Release|Any CPU
		{38BF3217-32E7-4687-9953-460CAC2307F9}.Release|Any CPU.Build.0 = Release|Any CPU
		{11D9CCC6-18A5-4BE1-B7CA-99338485CA50}.Debug|Any CPU.ActiveCfg = Debug|Any CPU
		{11D9CCC6-18A5-4BE1-B7CA-99338485CA50}.Debug|Any CPU.Build.0 = Debug|Any CPU
		{11D9CCC6-18A5-4BE1-B7CA-99338485CA50}.Release|Any CPU.ActiveCfg = Release|Any CPU
		{11D9CCC6-18A5-4BE1-B7CA-99338485CA50}.Release|Any CPU.Build.0 = Release|Any CPU
		{32492133-47A4-4474-AC43-26CBE8C2B8D3}.Debug|Any CPU.ActiveCfg = Debug|Any CPU
		{32492133-47A4-4474-AC43-26CBE8C2B8D3}.Debug|Any CPU.Build.0 = Debug|Any CPU
		{32492133-47A4-4474-AC43-26CBE8C2B8D3}.Release|Any CPU.ActiveCfg = Release|Any CPU
		{32492133-47A4-4474-AC43-26CBE8C2B8D3}.Release|Any CPU.Build.0 = Release|Any CPU
	EndGlobalSection
	GlobalSection(SolutionProperties) = preSolution
		HideSolutionNode = FALSE
	EndGlobalSection
EndGlobal
